{
  "nodes": {
    "nixpkgs": {
      "locked": {
        "lastModified": 1643653624,
        "narHash": "sha256-+8hLMsQrZ2rkvcEtEId6HMe8GPxVb5ga+Vh1fdsqJDU=",
        "owner": "nixos",
        "repo": "nixpkgs",
        "rev": "a529f0c125a78343b145a8eb2b915b0295e4f459",
        "type": "github"
      },
      "original": {
        "owner": "nixos",
        "ref": "nixpkgs-unstable",
        "repo": "nixpkgs",
        "type": "github"
      }
    },
    "root": {
      "inputs": {
        "std": "std"
      }
    },
    "std": {
      "inputs": {
        "nixpkgs": "nixpkgs",
        "yants": "yants"
      },
      "locked": {
        "lastModified": 1644195539,
        "narHash": "sha256-HOToV3ccdNSs5eje9bNl37NtQmfI/A3YgTfKh8b6TqY=",
        "owner": "divnix",
        "repo": "std",
        "rev": "70efa29c833d46b568d99734c00c89e21c6c1268",
        "type": "github"
      },
      "original": {
        "owner": "divnix",
        "repo": "std",
        "type": "github"
      }
    },
    "yants": {
      "inputs": {
        "nixpkgs": [
          "std",
          "nixpkgs"
        ]
      },
      "locked": {
        "lastModified": 1643940980,
        "narHash": "sha256-Pj7tJLwx9P1oLN97XMS7iuyjK7czu7UsHA9edgsRu8Y=",
        "owner": "divnix",
        "repo": "yants",
        "rev": "66479c6b165ccd249196aaad3629186f0ecaa1d5",
        "type": "github"
      },
      "original": {
        "owner": "divnix",
        "repo": "yants",
        "type": "github"
      }
    }
  },
  "root": "root",
  "version": 7
}
